
Microsoft Visual Studio Solution File, Format Version 12.00
# Visual Studio Version 17
VisualStudioVersion = 17.5.33424.131
MinimumVisualStudioVersion = 10.0.40219.1
Project("{FAE04EC0-301F-11D3-BF4B-00C04F79EFBC}") = "reajuste salarial", "reajuste salarial\reajuste salarial.csproj", "{EFC9111B-D3B2-4760-AF79-43F25B5900BB}"
EndProject
Global
	GlobalSection(SolutionConfigurationPlatforms) = preSolution
		Debug|Any CPU = Debug|Any CPU
		Release|Any CPU = Release|Any CPU
	EndGlobalSection
	GlobalSection(ProjectConfigurationPlatforms) = postSolution
		{EFC9111B-D3B2-4760-AF79-43F25B5900BB}.Debug|Any CPU.ActiveCfg = Debug|Any CPU
		{EFC9111B-D3B2-4760-AF79-43F25B5900BB}.Debug|Any CPU.Build.0 = Debug|Any CPU
		{EFC9111B-D3B2-4760-AF79-43F25B5900BB}.Release|Any CPU.ActiveCfg = Release|Any CPU
		{EFC9111B-D3B2-4760-AF79-43F25B5900BB}.Release|Any CPU.Build.0 = Release|Any CPU
	EndGlobalSection
	GlobalSection(SolutionProperties) = preSolution
		HideSolutionNode = FALSE
	EndGlobalSection
	GlobalSection(ExtensibilityGlobals) = postSolution
		SolutionGuid = {39918863-BE61-46E2-9380-CD5AB543E773}
	EndGlobalSection
EndGlobal
